
Microsoft Visual Studio Solution File, Format Version 12.00
# Visual Studio 2012
Project("{FAE04EC0-301F-11D3-BF4B-00C04F79EFBC}") = "Emlak_Otomasyon", "Emlak_Otomasyon\Emlak_Otomasyon.csproj", "{66468613-2A0F-42ED-9AB9-CCB38B6BD3EE}"
EndProject
Global
	GlobalSection(SolutionConfigurationPlatforms) = preSolution
		Debug|Any CPU = Debug|Any CPU
		Release|Any CPU = Release|Any CPU
	EndGlobalSection
	GlobalSection(ProjectConfigurationPlatforms) = postSolution
		{66468613-2A0F-42ED-9AB9-CCB38B6BD3EE}.Debug|Any CPU.ActiveCfg = Debug|Any CPU
		{66468613-2A0F-42ED-9AB9-CCB38B6BD3EE}.Debug|Any CPU.Build.0 = Debug|Any CPU
		{66468613-2A0F-42ED-9AB9-CCB38B6BD3EE}.Release|Any CPU.ActiveCfg = Release|Any CPU
		{66468613-2A0F-42ED-9AB9-CCB38B6BD3EE}.Release|Any CPU.Build.0 = Release|Any CPU
	EndGlobalSection
	GlobalSection(SolutionProperties) = preSolution
		HideSolutionNode = FALSE
	EndGlobalSection
EndGlobal
